<?xml version="1.0" encoding="utf-8"?>
<Project ToolsVersion="4.0" xmlns="http://schemas.microsoft.com/developer/msbuild/2003">
  <ItemGroup>
    <Filter Include="源文件">
      <UniqueIdentifier>{4FC737F1-C7A5-4376-A066-2A32D752A2FF}</UniqueIdentifier>
      <Extensions>cpp;c;cc;cxx;def;odl;idl;hpj;bat;asm;asmx</Extensions>
    </Filter>
    <Filter Include="头文件">
      <UniqueIdentifier>{93995380-89BD-4b04-88EB-625FBE52EBFB}</UniqueIdentifier>
      <Extensions>h;hh;hpp;hxx;hm;inl;inc;ipp;xsd</Extensions>
    </Filter>
    <Filter Include="资源文件">
      <UniqueIdentifier>{67DA6AB6-F800-4c08-8B7A-83BB121AAD01}</UniqueIdentifier>
      <Extensions>rc;ico;cur;bmp;dlg;rc2;rct;bin;rgs;gif;jpg;jpeg;jpe;resx;tiff;tif;png;wav;mfcribbon-ms</Extensions>
    </Filter>
    <Filter Include="源文件\BinarySearchTree">
      <UniqueIdentifier>{40e9776d-ff14-47f1-957e-7f7f6298c4af}</UniqueIdentifier>
    </Filter>
    <Filter Include="源文件\UnionFind">
      <UniqueIdentifier>{a30f0c66-8165-4e26-ab77-435d063d9708}</UniqueIdentifier>
    </Filter>
    <Filter Include="源文件\Graph">
      <UniqueIdentifier>{e14f053b-0f34-4ba4-bca9-79887c26019e}</UniqueIdentifier>
    </Filter>
    <Filter Include="源文件\RedBlackTree">
      <UniqueIdentifier>{cc9f6315-5f09-4833-8c70-e33a1efeca8c}</UniqueIdentifier>
    </Filter>
    <Filter Include="源文件\String">
      <UniqueIdentifier>{3358a966-0191-4f41-b508-3b706d36ed58}</UniqueIdentifier>
    </Filter>
    <Filter Include="源文件\Sort">
      <UniqueIdentifier>{2cb9b826-f41c-40a5-9a8f-78cd59eb7406}</UniqueIdentifier>
    </Filter>
    <Filter Include="源文件\Heap">
      <UniqueIdentifier>{3557efb1-e66d-40ba-9420-d3a2acdf5f75}</UniqueIdentifier>
    </Filter>
    <Filter Include="源文件\B-Tree">
      <UniqueIdentifier>{167ccdcb-c432-477e-8586-98ce6e5a912a}</UniqueIdentifier>
    </Filter>
  </ItemGroup>
  <ItemGroup>
    <ClCompile Include="BinarySearchTree\BinarySearch.cpp">
      <Filter>源文件\BinarySearchTree</Filter>
    </ClCompile>
    <ClCompile Include="BinarySearchTree\BinarySearchTree.cpp">
      <Filter>源文件\BinarySearchTree</Filter>
    </ClCompile>
    <ClCompile Include="UnionFind\main.cpp">
      <Filter>源文件\UnionFind</Filter>
    </ClCompile>
    <ClCompile Include="Graph Base\main.cpp">
      <Filter>源文件\Graph</Filter>
    </ClCompile>
    <ClCompile Include="RedBlackTree\RedBlackTree.cpp">
      <Filter>源文件\RedBlackTree</Filter>
    </ClCompile>
    <ClCompile Include="String\Key_Value_Counting_Method.cpp">
      <Filter>源文件\String</Filter>
    </ClCompile>
    <ClCompile Include="String\Least_Significant_Digit_First.cpp">
      <Filter>源文件\String</Filter>
    </ClCompile>
    <ClCompile Include="main.cpp">
      <Filter>源文件\Sort</Filter>
    </ClCompile>
    <ClCompile Include="heapSort1.cpp">
      <Filter>源文件\Heap</Filter>
    </ClCompile>
    <ClCompile Include="Heap.h">
      <Filter>源文件\Heap</Filter>
    </ClCompile>
    <ClCompile Include="IndexMaxHeap.cpp">
      <Filter>源文件\Heap</Filter>
    </ClCompile>
    <ClCompile Include="B-Tree.cpp">
      <Filter>源文件\B-Tree</Filter>
    </ClCompile>
    <ClCompile Include="test.cpp">
      <Filter>源文件\RedBlackTree</Filter>
    </ClCompile>
  </ItemGroup>
  <ItemGroup>
    <Text Include="BinarySearchTree\bible.txt">
      <Filter>源文件\BinarySearchTree</Filter>
    </Text>
    <Text Include="Graph Base\textG1.txt">
      <Filter>资源文件</Filter>
    </Text>
    <Text Include="Graph Base\textG2.txt">
      <Filter>资源文件</Filter>
    </Text>
    <Text Include="textG3.txt">
      <Filter>资源文件</Filter>
    </Text>
    <Text Include="textG4.txt">
      <Filter>资源文件</Filter>
    </Text>
  </ItemGroup>
  <ItemGroup>
    <ClInclude Include="UnionFind\UnionFind1.h">
      <Filter>源文件\UnionFind</Filter>
    </ClInclude>
    <ClInclude Include="UnionFind\UnionFindTestHelper.h">
      <Filter>源文件\UnionFind</Filter>
    </ClInclude>
    <ClInclude Include="UnionFind\UnionFind2.h">
      <Filter>源文件\UnionFind</Filter>
    </ClInclude>
    <ClInclude Include="UnionFind\UnionFind3.h">
      <Filter>源文件\UnionFind</Filter>
    </ClInclude>
    <ClInclude Include="UnionFind\UnionFind4.h">
      <Filter>源文件\UnionFind</Filter>
    </ClInclude>
    <ClInclude Include="UnionFind\UnionFind5.h">
      <Filter>源文件\UnionFind</Filter>
    </ClInclude>
    <ClInclude Include="Graph Base\DenseGraph.h">
      <Filter>源文件\Graph</Filter>
    </ClInclude>
    <ClInclude Include="Graph Base\SparseGraph.h">
      <Filter>源文件\Graph</Filter>
    </ClInclude>
    <ClInclude Include="Graph Base\ReadGraph.h">
      <Filter>源文件\Graph</Filter>
    </ClInclude>
    <ClInclude Include="Graph Base\Component.h">
      <Filter>源文件\Graph</Filter>
    </ClInclude>
    <ClInclude Include="Graph Base\Path.h">
      <Filter>源文件\Graph</Filter>
    </ClInclude>
    <ClInclude Include="Graph Base\ShortestPath.h">
      <Filter>源文件\Graph</Filter>
    </ClInclude>
    <ClInclude Include="RedBlackTree\RedBlackTree.h">
      <Filter>源文件\RedBlackTree</Filter>
    </ClInclude>
    <ClInclude Include="Sort.h">
      <Filter>源文件\Sort</Filter>
    </ClInclude>
    <ClInclude Include="Sort1.h">
      <Filter>源文件\Sort</Filter>
    </ClInclude>
  </ItemGroup>
</Project>